# This file is automatically @generated by Cargo.
# It is not intended for manual editing.
version = 4

[[package]]
name = "uno"
version = "0.1.0"
dependencies = [
 "uno_core",
 "uno_net",
 "uno_protocol",
 "uno_room",
]

[[package]]
name = "uno_core"
version = "0.1.0"

[[package]]
name = "uno_net"
version = "0.1.0"
dependencies = [
 "uno_protocol",
]

[[package]]
name = "uno_protocol"
version = "0.1.0"
dependencies = [
 "uno_core",
]

[[package]]
name = "uno_room"
version = "0.1.0"
dependencies = [
 "uno_core",
 "uno_protocol",
]
